// !$*UTF8*$!
{
	archiveVersion = 1;
	classes = {
	};
	objectVersion = 56;
	objects = {

/* Begin PBXBuildFile section */
		021635DC2A603757009DFA5D /* RMSingletLocation.swift in Sources */ = {isa = PBXBuildFile; fileRef = 021635DB2A603757009DFA5D /* RMSingletLocation.swift */; };
		021635DE2A6037B2009DFA5D /* RMCharacter.swift in Sources */ = {isa = PBXBuildFile; fileRef = 021635DD2A6037B2009DFA5D /* RMCharacter.swift */; };
		021635E02A6037C9009DFA5D /* RMEpisode.swift in Sources */ = {isa = PBXBuildFile; fileRef = 021635DF2A6037C9009DFA5D /* RMEpisode.swift */; };
		021635E32A603862009DFA5D /* RMCharacterViewController.swift in Sources */ = {isa = PBXBuildFile; fileRef = 021635E22A603862009DFA5D /* RMCharacterViewController.swift */; };
		021635E52A60386B009DFA5D /* RMLocationViewController.swift in Sources */ = {isa = PBXBuildFile; fileRef = 021635E42A60386B009DFA5D /* RMLocationViewController.swift */; };
		021635E72A60387C009DFA5D /* RMEpisodeViewController.swift in Sources */ = {isa = PBXBuildFile; fileRef = 021635E62A60387C009DFA5D /* RMEpisodeViewController.swift */; };
		021635E92A603896009DFA5D /* RMSettingsViewController.swift in Sources */ = {isa = PBXBuildFile; fileRef = 021635E82A603896009DFA5D /* RMSettingsViewController.swift */; };
		021635EB2A60417C009DFA5D /* RMService.swift in Sources */ = {isa = PBXBuildFile; fileRef = 021635EA2A60417C009DFA5D /* RMService.swift */; };
		021635ED2A6041B0009DFA5D /* RMRequest.swift in Sources */ = {isa = PBXBuildFile; fileRef = 021635EC2A6041B0009DFA5D /* RMRequest.swift */; };
		021635EF2A6042A7009DFA5D /* RMEndpoint.swift in Sources */ = {isa = PBXBuildFile; fileRef = 021635EE2A6042A7009DFA5D /* RMEndpoint.swift */; };
		021635F12A6050D2009DFA5D /* RMOrigin.swift in Sources */ = {isa = PBXBuildFile; fileRef = 021635F02A6050D2009DFA5D /* RMOrigin.swift */; };
		021635F32A605180009DFA5D /* RMLocation.swift in Sources */ = {isa = PBXBuildFile; fileRef = 021635F22A605180009DFA5D /* RMLocation.swift */; };
		021635F52A60529E009DFA5D /* RMCharacterStatus.swift in Sources */ = {isa = PBXBuildFile; fileRef = 021635F42A60529E009DFA5D /* RMCharacterStatus.swift */; };
		021635F72A6052D2009DFA5D /* RMCharacterGender.swift in Sources */ = {isa = PBXBuildFile; fileRef = 021635F62A6052D2009DFA5D /* RMCharacterGender.swift */; };
		021635FB2A60685B009DFA5D /* RMGetAllCharactersResponse.swift in Sources */ = {isa = PBXBuildFile; fileRef = 021635FA2A60685B009DFA5D /* RMGetAllCharactersResponse.swift */; };
		02CB5D6B2A603446000B5A1E /* AppDelegate.swift in Sources */ = {isa = PBXBuildFile; fileRef = 02CB5D6A2A603446000B5A1E /* AppDelegate.swift */; };
		02CB5D6D2A603446000B5A1E /* SceneDelegate.swift in Sources */ = {isa = PBXBuildFile; fileRef = 02CB5D6C2A603446000B5A1E /* SceneDelegate.swift */; };
		02CB5D6F2A603446000B5A1E /* RMTabViewController.swift in Sources */ = {isa = PBXBuildFile; fileRef = 02CB5D6E2A603446000B5A1E /* RMTabViewController.swift */; };
		02CB5D742A603447000B5A1E /* Assets.xcassets in Resources */ = {isa = PBXBuildFile; fileRef = 02CB5D732A603447000B5A1E /* Assets.xcassets */; };
		02CB5D772A603447000B5A1E /* LaunchScreen.storyboard in Resources */ = {isa = PBXBuildFile; fileRef = 02CB5D752A603447000B5A1E /* LaunchScreen.storyboard */; };
		02CB5D822A603447000B5A1E /* Rick_MortyTests.swift in Sources */ = {isa = PBXBuildFile; fileRef = 02CB5D812A603447000B5A1E /* Rick_MortyTests.swift */; };
		02CB5D8C2A603447000B5A1E /* Rick_MortyUITests.swift in Sources */ = {isa = PBXBuildFile; fileRef = 02CB5D8B2A603447000B5A1E /* Rick_MortyUITests.swift */; };
		02CB5D8E2A603447000B5A1E /* Rick_MortyUITestsLaunchTests.swift in Sources */ = {isa = PBXBuildFile; fileRef = 02CB5D8D2A603447000B5A1E /* Rick_MortyUITestsLaunchTests.swift */; };
/* End PBXBuildFile section */

/* Begin PBXContainerItemProxy section */
		02CB5D7E2A603447000B5A1E /* PBXContainerItemProxy */ = {
			isa = PBXContainerItemProxy;
			containerPortal = 02CB5D5F2A603446000B5A1E /* Project object */;
			proxyType = 1;
			remoteGlobalIDString = 02CB5D662A603446000B5A1E;
			remoteInfo = "Rick&Morty";
		};
		02CB5D882A603447000B5A1E /* PBXContainerItemProxy */ = {
			isa = PBXContainerItemProxy;
			containerPortal = 02CB5D5F2A603446000B5A1E /* Project object */;
			proxyType = 1;
			remoteGlobalIDString = 02CB5D662A603446000B5A1E;
			remoteInfo = "Rick&Morty";
		};
/* End PBXContainerItemProxy section */

/* Begin PBXFileReference section */
		021635DB2A603757009DFA5D /* RMSingletLocation.swift */ = {isa = PBXFileReference; lastKnownFileType = sourcecode.swift; path = RMSingletLocation.swift; sourceTree = "<group>"; };
		021635DD2A6037B2009DFA5D /* RMCharacter.swift */ = {isa = PBXFileReference; lastKnownFileType = sourcecode.swift; path = RMCharacter.swift; sourceTree = "<group>"; };
		021635DF2A6037C9009DFA5D /* RMEpisode.swift */ = {isa = PBXFileReference; lastKnownFileType = sourcecode.swift; path = RMEpisode.swift; sourceTree = "<group>"; };
		021635E22A603862009DFA5D /* RMCharacterViewController.swift */ = {isa = PBXFileReference; lastKnownFileType = sourcecode.swift; path = RMCharacterViewController.swift; sourceTree = "<group>"; };
		021635E42A60386B009DFA5D /* RMLocationViewController.swift */ = {isa = PBXFileReference; lastKnownFileType = sourcecode.swift; path = RMLocationViewController.swift; sourceTree = "<group>"; };
		021635E62A60387C009DFA5D /* RMEpisodeViewController.swift */ = {isa = PBXFileReference; lastKnownFileType = sourcecode.swift; path = RMEpisodeViewController.swift; sourceTree = "<group>"; };
		021635E82A603896009DFA5D /* RMSettingsViewController.swift */ = {isa = PBXFileReference; lastKnownFileType = sourcecode.swift; path = RMSettingsViewController.swift; sourceTree = "<group>"; };
		021635EA2A60417C009DFA5D /* RMService.swift */ = {isa = PBXFileReference; lastKnownFileType = sourcecode.swift; path = RMService.swift; sourceTree = "<group>"; };
		021635EC2A6041B0009DFA5D /* RMRequest.swift */ = {isa = PBXFileReference; lastKnownFileType = sourcecode.swift; path = RMRequest.swift; sourceTree = "<group>"; };
		021635EE2A6042A7009DFA5D /* RMEndpoint.swift */ = {isa = PBXFileReference; lastKnownFileType = sourcecode.swift; path = RMEndpoint.swift; sourceTree = "<group>"; };
		021635F02A6050D2009DFA5D /* RMOrigin.swift */ = {isa = PBXFileReference; lastKnownFileType = sourcecode.swift; path = RMOrigin.swift; sourceTree = "<group>"; };
		021635F22A605180009DFA5D /* RMLocation.swift */ = {isa = PBXFileReference; lastKnownFileType = sourcecode.swift; path = RMLocation.swift; sourceTree = "<group>"; };
		021635F42A60529E009DFA5D /* RMCharacterStatus.swift */ = {isa = PBXFileReference; lastKnownFileType = sourcecode.swift; path = RMCharacterStatus.swift; sourceTree = "<group>"; };
		021635F62A6052D2009DFA5D /* RMCharacterGender.swift */ = {isa = PBXFileReference; lastKnownFileType = sourcecode.swift; path = RMCharacterGender.swift; sourceTree = "<group>"; };
		021635FA2A60685B009DFA5D /* RMGetAllCharactersResponse.swift */ = {isa = PBXFileReference; lastKnownFileType = sourcecode.swift; path = RMGetAllCharactersResponse.swift; sourceTree = "<group>"; };
		02CB5D672A603446000B5A1E /* Rick&Morty.app */ = {isa = PBXFileReference; explicitFileType = wrapper.application; includeInIndex = 0; path = "Rick&Morty.app"; sourceTree = BUILT_PRODUCTS_DIR; };
		02CB5D6A2A603446000B5A1E /* AppDelegate.swift */ = {isa = PBXFileReference; lastKnownFileType = sourcecode.swift; path = AppDelegate.swift; sourceTree = "<group>"; };
		02CB5D6C2A603446000B5A1E /* SceneDelegate.swift */ = {isa = PBXFileReference; lastKnownFileType = sourcecode.swift; path = SceneDelegate.swift; sourceTree = "<group>"; };
		02CB5D6E2A603446000B5A1E /* RMTabViewController.swift */ = {isa = PBXFileReference; lastKnownFileType = sourcecode.swift; path = RMTabViewController.swift; sourceTree = "<group>"; };
		02CB5D732A603447000B5A1E /* Assets.xcassets */ = {isa = PBXFileReference; lastKnownFileType = folder.assetcatalog; path = Assets.xcassets; sourceTree = "<group>"; };
		02CB5D762A603447000B5A1E /* Base */ = {isa = PBXFileReference; lastKnownFileType = file.storyboard; name = Base; path = Base.lproj/LaunchScreen.storyboard; sourceTree = "<group>"; };
		02CB5D782A603447000B5A1E /* Info.plist */ = {isa = PBXFileReference; lastKnownFileType = text.plist.xml; path = Info.plist; sourceTree = "<group>"; };
		02CB5D7D2A603447000B5A1E /* Rick&MortyTests.xctest */ = {isa = PBXFileReference; explicitFileType = wrapper.cfbundle; includeInIndex = 0; path = "Rick&MortyTests.xctest"; sourceTree = BUILT_PRODUCTS_DIR; };
		02CB5D812A603447000B5A1E /* Rick_MortyTests.swift */ = {isa = PBXFileReference; lastKnownFileType = sourcecode.swift; path = Rick_MortyTests.swift; sourceTree = "<group>"; };
		02CB5D872A603447000B5A1E /* Rick&MortyUITests.xctest */ = {isa = PBXFileReference; explicitFileType = wrapper.cfbundle; includeInIndex = 0; path = "Rick&MortyUITests.xctest"; sourceTree = BUILT_PRODUCTS_DIR; };
		02CB5D8B2A603447000B5A1E /* Rick_MortyUITests.swift */ = {isa = PBXFileReference; lastKnownFileType = sourcecode.swift; path = Rick_MortyUITests.swift; sourceTree = "<group>"; };
		02CB5D8D2A603447000B5A1E /* Rick_MortyUITestsLaunchTests.swift */ = {isa = PBXFileReference; lastKnownFileType = sourcecode.swift; path = Rick_MortyUITestsLaunchTests.swift; sourceTree = "<group>"; };
/* End PBXFileReference section */

/* Begin PBXFrameworksBuildPhase section */
		02CB5D642A603446000B5A1E /* Frameworks */ = {
			isa = PBXFrameworksBuildPhase;
			buildActionMask = 2147483647;
			files = (
			);
			runOnlyForDeploymentPostprocessing = 0;
		};
		02CB5D7A2A603447000B5A1E /* Frameworks */ = {
			isa = PBXFrameworksBuildPhase;
			buildActionMask = 2147483647;
			files = (
			);
			runOnlyForDeploymentPostprocessing = 0;
		};
		02CB5D842A603447000B5A1E /* Frameworks */ = {
			isa = PBXFrameworksBuildPhase;
			buildActionMask = 2147483647;
			files = (
			);
			runOnlyForDeploymentPostprocessing = 0;
		};
/* End PBXFrameworksBuildPhase section */

/* Begin PBXGroup section */
		021635D42A6036A1009DFA5D /* Models */ = {
			isa = PBXGroup;
			children = (
				021635F92A606838009DFA5D /* APIResponseTypes */,
				021635F82A606823009DFA5D /* DataTypes */,
			);
			path = Models;
			sourceTree = "<group>";
		};
		021635D52A6036B0009DFA5D /* Views */ = {
			isa = PBXGroup;
			children = (
			);
			path = Views;
			sourceTree = "<group>";
		};
		021635D62A6036BA009DFA5D /* Controllers */ = {
			isa = PBXGroup;
			children = (
				021635E12A603820009DFA5D /* Core */,
			);
			path = Controllers;
			sourceTree = "<group>";
		};
		021635D72A6036C9009DFA5D /* ViewModels */ = {
			isa = PBXGroup;
			children = (
			);
			path = ViewModels;
			sourceTree = "<group>";
		};
		021635D82A6036E0009DFA5D /* APIClients */ = {
			isa = PBXGroup;
			children = (
				021635EA2A60417C009DFA5D /* RMService.swift */,
				021635EC2A6041B0009DFA5D /* RMRequest.swift */,
				021635EE2A6042A7009DFA5D /* RMEndpoint.swift */,
			);
			path = APIClients;
			sourceTree = "<group>";
		};
		021635D92A6036F4009DFA5D /* Managers */ = {
			isa = PBXGroup;
			children = (
			);
			path = Managers;
			sourceTree = "<group>";
		};
		021635DA2A6036FC009DFA5D /* Resources */ = {
			isa = PBXGroup;
			children = (
				02CB5D732A603447000B5A1E /* Assets.xcassets */,
				02CB5D752A603447000B5A1E /* LaunchScreen.storyboard */,
				02CB5D6A2A603446000B5A1E /* AppDelegate.swift */,
				02CB5D6C2A603446000B5A1E /* SceneDelegate.swift */,
			);
			path = Resources;
			sourceTree = "<group>";
		};
		021635E12A603820009DFA5D /* Core */ = {
			isa = PBXGroup;
			children = (
				02CB5D6E2A603446000B5A1E /* RMTabViewController.swift */,
				021635E22A603862009DFA5D /* RMCharacterViewController.swift */,
				021635E42A60386B009DFA5D /* RMLocationViewController.swift */,
				021635E62A60387C009DFA5D /* RMEpisodeViewController.swift */,
				021635E82A603896009DFA5D /* RMSettingsViewController.swift */,
			);
			path = Core;
			sourceTree = "<group>";
		};
		021635F82A606823009DFA5D /* DataTypes */ = {
			isa = PBXGroup;
			children = (
				021635DB2A603757009DFA5D /* RMSingletLocation.swift */,
				021635F42A60529E009DFA5D /* RMCharacterStatus.swift */,
				021635DD2A6037B2009DFA5D /* RMCharacter.swift */,
				021635DF2A6037C9009DFA5D /* RMEpisode.swift */,
				021635F02A6050D2009DFA5D /* RMOrigin.swift */,
				021635F22A605180009DFA5D /* RMLocation.swift */,
				021635F62A6052D2009DFA5D /* RMCharacterGender.swift */,
			);
			path = DataTypes;
			sourceTree = "<group>";
		};
		021635F92A606838009DFA5D /* APIResponseTypes */ = {
			isa = PBXGroup;
			children = (
				021635FA2A60685B009DFA5D /* RMGetAllCharactersResponse.swift */,
			);
			path = APIResponseTypes;
			sourceTree = "<group>";
		};
		02CB5D5E2A603446000B5A1E = {
			isa = PBXGroup;
			children = (
				02CB5D692A603446000B5A1E /* Rick&Morty */,
				02CB5D802A603447000B5A1E /* Rick&MortyTests */,
				02CB5D8A2A603447000B5A1E /* Rick&MortyUITests */,
				02CB5D682A603446000B5A1E /* Products */,
			);
			sourceTree = "<group>";
		};
		02CB5D682A603446000B5A1E /* Products */ = {
			isa = PBXGroup;
			children = (
				02CB5D672A603446000B5A1E /* Rick&Morty.app */,
				02CB5D7D2A603447000B5A1E /* Rick&MortyTests.xctest */,
				02CB5D872A603447000B5A1E /* Rick&MortyUITests.xctest */,
			);
			name = Products;
			sourceTree = "<group>";
		};
		02CB5D692A603446000B5A1E /* Rick&Morty */ = {
			isa = PBXGroup;
			children = (
				021635DA2A6036FC009DFA5D /* Resources */,
				021635D92A6036F4009DFA5D /* Managers */,
				021635D82A6036E0009DFA5D /* APIClients */,
				021635D72A6036C9009DFA5D /* ViewModels */,
				021635D62A6036BA009DFA5D /* Controllers */,
				021635D52A6036B0009DFA5D /* Views */,
				021635D42A6036A1009DFA5D /* Models */,
				02CB5D782A603447000B5A1E /* Info.plist */,
			);
			path = "Rick&Morty";
			sourceTree = "<group>";
		};
		02CB5D802A603447000B5A1E /* Rick&MortyTests */ = {
			isa = PBXGroup;
			children = (
				02CB5D812A603447000B5A1E /* Rick_MortyTests.swift */,
			);
			path = "Rick&MortyTests";
			sourceTree = "<group>";
		};
		02CB5D8A2A603447000B5A1E /* Rick&MortyUITests */ = {
			isa = PBXGroup;
			children = (
				02CB5D8B2A603447000B5A1E /* Rick_MortyUITests.swift */,
				02CB5D8D2A603447000B5A1E /* Rick_MortyUITestsLaunchTests.swift */,
			);
			path = "Rick&MortyUITests";
			sourceTree = "<group>";
		};
/* End PBXGroup section */

/* Begin PBXNativeTarget section */
		02CB5D662A603446000B5A1E /* Rick&Morty */ = {
			isa = PBXNativeTarget;
			buildConfigurationList = 02CB5D912A603447000B5A1E /* Build configuration list for PBXNativeTarget "Rick&Morty" */;
			buildPhases = (
				02CB5D632A603446000B5A1E /* Sources */,
				02CB5D642A603446000B5A1E /* Frameworks */,
				02CB5D652A603446000B5A1E /* Resources */,
			);
			buildRules = (
			);
			dependencies = (
			);
			name = "Rick&Morty";
			productName = "Rick&Morty";
			productReference = 02CB5D672A603446000B5A1E /* Rick&Morty.app */;
			productType = "com.apple.product-type.application";
		};
		02CB5D7C2A603447000B5A1E /* Rick&MortyTests */ = {
			isa = PBXNativeTarget;
			buildConfigurationList = 02CB5D942A603447000B5A1E /* Build configuration list for PBXNativeTarget "Rick&MortyTests" */;
			buildPhases = (
				02CB5D792A603447000B5A1E /* Sources */,
				02CB5D7A2A603447000B5A1E /* Frameworks */,
				02CB5D7B2A603447000B5A1E /* Resources */,
			);
			buildRules = (
			);
			dependencies = (
				02CB5D7F2A603447000B5A1E /* PBXTargetDependency */,
			);
			name = "Rick&MortyTests";
			productName = "Rick&MortyTests";
			productReference = 02CB5D7D2A603447000B5A1E /* Rick&MortyTests.xctest */;
			productType = "com.apple.product-type.bundle.unit-test";
		};
		02CB5D862A603447000B5A1E /* Rick&MortyUITests */ = {
			isa = PBXNativeTarget;
			buildConfigurationList = 02CB5D972A603447000B5A1E /* Build configuration list for PBXNativeTarget "Rick&MortyUITests" */;
			buildPhases = (
				02CB5D832A603447000B5A1E /* Sources */,
				02CB5D842A603447000B5A1E /* Frameworks */,
				02CB5D852A603447000B5A1E /* Resources */,
			);
			buildRules = (
			);
			dependencies = (
				02CB5D892A603447000B5A1E /* PBXTargetDependency */,
			);
			name = "Rick&MortyUITests";
			productName = "Rick&MortyUITests";
			productReference = 02CB5D872A603447000B5A1E /* Rick&MortyUITests.xctest */;
			productType = "com.apple.product-type.bundle.ui-testing";
		};
/* End PBXNativeTarget section */

/* Begin PBXProject section */
		02CB5D5F2A603446000B5A1E /* Project object */ = {
			isa = PBXProject;
			attributes = {
				BuildIndependentTargetsInParallel = 1;
				LastSwiftUpdateCheck = 1430;
				LastUpgradeCheck = 1430;
				TargetAttributes = {
					02CB5D662A603446000B5A1E = {
						CreatedOnToolsVersion = 14.3.1;
					};
					02CB5D7C2A603447000B5A1E = {
						CreatedOnToolsVersion = 14.3.1;
						TestTargetID = 02CB5D662A603446000B5A1E;
					};
					02CB5D862A603447000B5A1E = {
						CreatedOnToolsVersion = 14.3.1;
						TestTargetID = 02CB5D662A603446000B5A1E;
					};
				};
			};
			buildConfigurationList = 02CB5D622A603446000B5A1E /* Build configuration list for PBXProject "Rick&Morty" */;
			compatibilityVersion = "Xcode 14.0";
			developmentRegion = en;
			hasScannedForEncodings = 0;
			knownRegions = (
				en,
				Base,
			);
			mainGroup = 02CB5D5E2A603446000B5A1E;
			productRefGroup = 02CB5D682A603446000B5A1E /* Products */;
			projectDirPath = "";
			projectRoot = "";
			targets = (
				02CB5D662A603446000B5A1E /* Rick&Morty */,
				02CB5D7C2A603447000B5A1E /* Rick&MortyTests */,
				02CB5D862A603447000B5A1E /* Rick&MortyUITests */,
			);
		};
/* End PBXProject section */

/* Begin PBXResourcesBuildPhase section */
		02CB5D652A603446000B5A1E /* Resources */ = {
			isa = PBXResourcesBuildPhase;
			buildActionMask = 2147483647;
			files = (
				02CB5D772A603447000B5A1E /* LaunchScreen.storyboard in Resources */,
				02CB5D742A603447000B5A1E /* Assets.xcassets in Resources */,
			);
			runOnlyForDeploymentPostprocessing = 0;
		};
		02CB5D7B2A603447000B5A1E /* Resources */ = {
			isa = PBXResourcesBuildPhase;
			buildActionMask = 2147483647;
			files = (
			);
			runOnlyForDeploymentPostprocessing = 0;
		};
		02CB5D852A603447000B5A1E /* Resources */ = {
			isa = PBXResourcesBuildPhase;
			buildActionMask = 2147483647;
			files = (
			);
			runOnlyForDeploymentPostprocessing = 0;
		};
/* End PBXResourcesBuildPhase section */

/* Begin PBXSourcesBuildPhase section */
		02CB5D632A603446000B5A1E /* Sources */ = {
			isa = PBXSourcesBuildPhase;
			buildActionMask = 2147483647;
			files = (
				021635F12A6050D2009DFA5D /* RMOrigin.swift in Sources */,
				021635E52A60386B009DFA5D /* RMLocationViewController.swift in Sources */,
				021635F52A60529E009DFA5D /* RMCharacterStatus.swift in Sources */,
				021635F72A6052D2009DFA5D /* RMCharacterGender.swift in Sources */,
				021635E02A6037C9009DFA5D /* RMEpisode.swift in Sources */,
				02CB5D6F2A603446000B5A1E /* RMTabViewController.swift in Sources */,
				021635E72A60387C009DFA5D /* RMEpisodeViewController.swift in Sources */,
				02CB5D6B2A603446000B5A1E /* AppDelegate.swift in Sources */,
				021635EB2A60417C009DFA5D /* RMService.swift in Sources */,
				021635F32A605180009DFA5D /* RMLocation.swift in Sources */,
				021635DC2A603757009DFA5D /* RMSingletLocation.swift in Sources */,
				021635EF2A6042A7009DFA5D /* RMEndpoint.swift in Sources */,
				021635E92A603896009DFA5D /* RMSettingsViewController.swift in Sources */,
				02CB5D6D2A603446000B5A1E /* SceneDelegate.swift in Sources */,
				021635DE2A6037B2009DFA5D /* RMCharacter.swift in Sources */,
				021635ED2A6041B0009DFA5D /* RMRequest.swift in Sources */,
				021635E32A603862009DFA5D /* RMCharacterViewController.swift in Sources */,
				021635FB2A60685B009DFA5D /* RMGetAllCharactersResponse.swift in Sources */,
			);
			runOnlyForDeploymentPostprocessing = 0;
		};
		02CB5D792A603447000B5A1E /* Sources */ = {
			isa = PBXSourcesBuildPhase;
			buildActionMask = 2147483647;
			files = (
				02CB5D822A603447000B5A1E /* Rick_MortyTests.swift in Sources */,
			);
			runOnlyForDeploymentPostprocessing = 0;
		};
		02CB5D832A603447000B5A1E /* Sources */ = {
			isa = PBXSourcesBuildPhase;
			buildActionMask = 2147483647;
			files = (
				02CB5D8C2A603447000B5A1E /* Rick_MortyUITests.swift in Sources */,
				02CB5D8E2A603447000B5A1E /* Rick_MortyUITestsLaunchTests.swift in Sources */,
			);
			runOnlyForDeploymentPostprocessing = 0;
		};
/* End PBXSourcesBuildPhase section */

/* Begin PBXTargetDependency section */
		02CB5D7F2A603447000B5A1E /* PBXTargetDependency */ = {
			isa = PBXTargetDependency;
			target = 02CB5D662A603446000B5A1E /* Rick&Morty */;
			targetProxy = 02CB5D7E2A603447000B5A1E /* PBXContainerItemProxy */;
		};
		02CB5D892A603447000B5A1E /* PBXTargetDependency */ = {
			isa = PBXTargetDependency;
			target = 02CB5D662A603446000B5A1E /* Rick&Morty */;
			targetProxy = 02CB5D882A603447000B5A1E /* PBXContainerItemProxy */;
		};
/* End PBXTargetDependency section */

/* Begin PBXVariantGroup section */
		02CB5D752A603447000B5A1E /* LaunchScreen.storyboard */ = {
			isa = PBXVariantGroup;
			children = (
				02CB5D762A603447000B5A1E /* Base */,
			);
			name = LaunchScreen.storyboard;
			sourceTree = "<group>";
		};
/* End PBXVariantGroup section */

/* Begin XCBuildConfiguration section */
		02CB5D8F2A603447000B5A1E /* Debug */ = {
			isa = XCBuildConfiguration;
			buildSettings = {
				ALWAYS_SEARCH_USER_PATHS = NO;
				CLANG_ANALYZER_NONNULL = YES;
				CLANG_ANALYZER_NUMBER_OBJECT_CONVERSION = YES_AGGRESSIVE;
				CLANG_CXX_LANGUAGE_STANDARD = "gnu++20";
				CLANG_ENABLE_MODULES = YES;
				CLANG_ENABLE_OBJC_ARC = YES;
				CLANG_ENABLE_OBJC_WEAK = YES;
				CLANG_WARN_BLOCK_CAPTURE_AUTORELEASING = YES;
				CLANG_WARN_BOOL_CONVERSION = YES;
				CLANG_WARN_COMMA = YES;
				CLANG_WARN_CONSTANT_CONVERSION = YES;
				CLANG_WARN_DEPRECATED_OBJC_IMPLEMENTATIONS = YES;
				CLANG_WARN_DIRECT_OBJC_ISA_USAGE = YES_ERROR;
				CLANG_WARN_DOCUMENTATION_COMMENTS = YES;
				CLANG_WARN_EMPTY_BODY = YES;
				CLANG_WARN_ENUM_CONVERSION = YES;
				CLANG_WARN_INFINITE_RECURSION = YES;
				CLANG_WARN_INT_CONVERSION = YES;
				CLANG_WARN_NON_LITERAL_NULL_CONVERSION = YES;
				CLANG_WARN_OBJC_IMPLICIT_RETAIN_SELF = YES;
				CLANG_WARN_OBJC_LITERAL_CONVERSION = YES;
				CLANG_WARN_OBJC_ROOT_CLASS = YES_ERROR;
				CLANG_WARN_QUOTED_INCLUDE_IN_FRAMEWORK_HEADER = YES;
				CLANG_WARN_RANGE_LOOP_ANALYSIS = YES;
				CLANG_WARN_STRICT_PROTOTYPES = YES;
				CLANG_WARN_SUSPICIOUS_MOVE = YES;
				CLANG_WARN_UNGUARDED_AVAILABILITY = YES_AGGRESSIVE;
				CLANG_WARN_UNREACHABLE_CODE = YES;
				CLANG_WARN__DUPLICATE_METHOD_MATCH = YES;
				COPY_PHASE_STRIP = NO;
				DEBUG_INFORMATION_FORMAT = dwarf;
				ENABLE_STRICT_OBJC_MSGSEND = YES;
				ENABLE_TESTABILITY = YES;
				GCC_C_LANGUAGE_STANDARD = gnu11;
				GCC_DYNAMIC_NO_PIC = NO;
				GCC_NO_COMMON_BLOCKS = YES;
				GCC_OPTIMIZATION_LEVEL = 0;
				GCC_PREPROCESSOR_DEFINITIONS = (
					"DEBUG=1",
					"$(inherited)",
				);
				GCC_WARN_64_TO_32_BIT_CONVERSION = YES;
				GCC_WARN_ABOUT_RETURN_TYPE = YES_ERROR;
				GCC_WARN_UNDECLARED_SELECTOR = YES;
				GCC_WARN_UNINITIALIZED_AUTOS = YES_AGGRESSIVE;
				GCC_WARN_UNUSED_FUNCTION = YES;
				GCC_WARN_UNUSED_VARIABLE = YES;
				IPHONEOS_DEPLOYMENT_TARGET = 16.4;
				MTL_ENABLE_DEBUG_INFO = INCLUDE_SOURCE;
				MTL_FAST_MATH = YES;
				ONLY_ACTIVE_ARCH = YES;
				SDKROOT = iphoneos;
				SWIFT_ACTIVE_COMPILATION_CONDITIONS = DEBUG;
				SWIFT_OPTIMIZATION_LEVEL = "-Onone";
			};
			name = Debug;
		};
		02CB5D902A603447000B5A1E /* Release */ = {
			isa = XCBuildConfiguration;
			buildSettings = {
				ALWAYS_SEARCH_USER_PATHS = NO;
				CLANG_ANALYZER_NONNULL = YES;
				CLANG_ANALYZER_NUMBER_OBJECT_CONVERSION = YES_AGGRESSIVE;
				CLANG_CXX_LANGUAGE_STANDARD = "gnu++20";
				CLANG_ENABLE_MODULES = YES;
				CLANG_ENABLE_OBJC_ARC = YES;
				CLANG_ENABLE_OBJC_WEAK = YES;
				CLANG_WARN_BLOCK_CAPTURE_AUTORELEASING = YES;
				CLANG_WARN_BOOL_CONVERSION = YES;
				CLANG_WARN_COMMA = YES;
				CLANG_WARN_CONSTANT_CONVERSION = YES;
				CLANG_WARN_DEPRECATED_OBJC_IMPLEMENTATIONS = YES;
				CLANG_WARN_DIRECT_OBJC_ISA_USAGE = YES_ERROR;
				CLANG_WARN_DOCUMENTATION_COMMENTS = YES;
				CLANG_WARN_EMPTY_BODY = YES;
				CLANG_WARN_ENUM_CONVERSION = YES;
				CLANG_WARN_INFINITE_RECURSION = YES;
				CLANG_WARN_INT_CONVERSION = YES;
				CLANG_WARN_NON_LITERAL_NULL_CONVERSION = YES;
				CLANG_WARN_OBJC_IMPLICIT_RETAIN_SELF = YES;
				CLANG_WARN_OBJC_LITERAL_CONVERSION = YES;
				CLANG_WARN_OBJC_ROOT_CLASS = YES_ERROR;
				CLANG_WARN_QUOTED_INCLUDE_IN_FRAMEWORK_HEADER = YES;
				CLANG_WARN_RANGE_LOOP_ANALYSIS = YES;
				CLANG_WARN_STRICT_PROTOTYPES = YES;
				CLANG_WARN_SUSPICIOUS_MOVE = YES;
				CLANG_WARN_UNGUARDED_AVAILABILITY = YES_AGGRESSIVE;
				CLANG_WARN_UNREACHABLE_CODE = YES;
				CLANG_WARN__DUPLICATE_METHOD_MATCH = YES;
				COPY_PHASE_STRIP = NO;
				DEBUG_INFORMATION_FORMAT = "dwarf-with-dsym";
				ENABLE_NS_ASSERTIONS = NO;
				ENABLE_STRICT_OBJC_MSGSEND = YES;
				GCC_C_LANGUAGE_STANDARD = gnu11;
				GCC_NO_COMMON_BLOCKS = YES;
				GCC_WARN_64_TO_32_BIT_CONVERSION = YES;
				GCC_WARN_ABOUT_RETURN_TYPE = YES_ERROR;
				GCC_WARN_UNDECLARED_SELECTOR = YES;
				GCC_WARN_UNINITIALIZED_AUTOS = YES_AGGRESSIVE;
				GCC_WARN_UNUSED_FUNCTION = YES;
				GCC_WARN_UNUSED_VARIABLE = YES;
				IPHONEOS_DEPLOYMENT_TARGET = 16.4;
				MTL_ENABLE_DEBUG_INFO = NO;
				MTL_FAST_MATH = YES;
				SDKROOT = iphoneos;
				SWIFT_COMPILATION_MODE = wholemodule;
				SWIFT_OPTIMIZATION_LEVEL = "-O";
				VALIDATE_PRODUCT = YES;
			};
			name = Release;
		};
		02CB5D922A603447000B5A1E /* Debug */ = {
			isa = XCBuildConfiguration;
			buildSettings = {
				ASSETCATALOG_COMPILER_APPICON_NAME = AppIcon;
				ASSETCATALOG_COMPILER_GLOBAL_ACCENT_COLOR_NAME = AccentColor;
				CODE_SIGN_STYLE = Automatic;
				CURRENT_PROJECT_VERSION = 1;
				GENERATE_INFOPLIST_FILE = YES;
				INFOPLIST_FILE = "Rick&Morty/Info.plist";
				INFOPLIST_KEY_UIApplicationSupportsIndirectInputEvents = YES;
				INFOPLIST_KEY_UILaunchStoryboardName = LaunchScreen;
				INFOPLIST_KEY_UISupportedInterfaceOrientations_iPad = "UIInterfaceOrientationPortrait UIInterfaceOrientationPortraitUpsideDown UIInterfaceOrientationLandscapeLeft UIInterfaceOrientationLandscapeRight";
				INFOPLIST_KEY_UISupportedInterfaceOrientations_iPhone = "UIInterfaceOrientationPortrait UIInterfaceOrientationLandscapeLeft UIInterfaceOrientationLandscapeRight";
				LD_RUNPATH_SEARCH_PATHS = (
					"$(inherited)",
					"@executable_path/Frameworks",
				);
				MARKETING_VERSION = 1.0;
				PRODUCT_BUNDLE_IDENTIFIER = "RomeoFrancesco.Rick-Morty";
				PRODUCT_NAME = "$(TARGET_NAME)";
				SWIFT_EMIT_LOC_STRINGS = YES;
				SWIFT_VERSION = 5.0;
				TARGETED_DEVICE_FAMILY = "1,2";
			};
			name = Debug;
		};
		02CB5D932A603447000B5A1E /* Release */ = {
			isa = XCBuildConfiguration;
			buildSettings = {
				ASSETCATALOG_COMPILER_APPICON_NAME = AppIcon;
				ASSETCATALOG_COMPILER_GLOBAL_ACCENT_COLOR_NAME = AccentColor;
				CODE_SIGN_STYLE = Automatic;
				CURRENT_PROJECT_VERSION = 1;
				GENERATE_INFOPLIST_FILE = YES;
				INFOPLIST_FILE = "Rick&Morty/Info.plist";
				INFOPLIST_KEY_UIApplicationSupportsIndirectInputEvents = YES;
				INFOPLIST_KEY_UILaunchStoryboardName = LaunchScreen;
				INFOPLIST_KEY_UISupportedInterfaceOrientations_iPad = "UIInterfaceOrientationPortrait UIInterfaceOrientationPortraitUpsideDown UIInterfaceOrientationLandscapeLeft UIInterfaceOrientationLandscapeRight";
				INFOPLIST_KEY_UISupportedInterfaceOrientations_iPhone = "UIInterfaceOrientationPortrait UIInterfaceOrientationLandscapeLeft UIInterfaceOrientationLandscapeRight";
				LD_RUNPATH_SEARCH_PATHS = (
					"$(inherited)",
					"@executable_path/Frameworks",
				);
				MARKETING_VERSION = 1.0;
				PRODUCT_BUNDLE_IDENTIFIER = "RomeoFrancesco.Rick-Morty";
				PRODUCT_NAME = "$(TARGET_NAME)";
				SWIFT_EMIT_LOC_STRINGS = YES;
				SWIFT_VERSION = 5.0;
				TARGETED_DEVICE_FAMILY = "1,2";
			};
			name = Release;
		};
		02CB5D952A603447000B5A1E /* Debug */ = {
			isa = XCBuildConfiguration;
			buildSettings = {
				ALWAYS_EMBED_SWIFT_STANDARD_LIBRARIES = YES;
				BUNDLE_LOADER = "$(TEST_HOST)";
				CODE_SIGN_STYLE = Automatic;
				CURRENT_PROJECT_VERSION = 1;
				GENERATE_INFOPLIST_FILE = YES;
				IPHONEOS_DEPLOYMENT_TARGET = 16.4;
				MARKETING_VERSION = 1.0;
				PRODUCT_BUNDLE_IDENTIFIER = "RomeoFrancesco.Rick-MortyTests";
				PRODUCT_NAME = "$(TARGET_NAME)";
				SWIFT_EMIT_LOC_STRINGS = NO;
				SWIFT_VERSION = 5.0;
				TARGETED_DEVICE_FAMILY = "1,2";
				TEST_HOST = "$(BUILT_PRODUCTS_DIR)/Rick&Morty.app/$(BUNDLE_EXECUTABLE_FOLDER_PATH)/Rick&Morty";
			};
			name = Debug;
		};
		02CB5D962A603447000B5A1E /* Release */ = {
			isa = XCBuildConfiguration;
			buildSettings = {
				ALWAYS_EMBED_SWIFT_STANDARD_LIBRARIES = YES;
				BUNDLE_LOADER = "$(TEST_HOST)";
				CODE_SIGN_STYLE = Automatic;
				CURRENT_PROJECT_VERSION = 1;
				GENERATE_INFOPLIST_FILE = YES;
				IPHONEOS_DEPLOYMENT_TARGET = 16.4;
				MARKETING_VERSION = 1.0;
				PRODUCT_BUNDLE_IDENTIFIER = "RomeoFrancesco.Rick-MortyTests";
				PRODUCT_NAME = "$(TARGET_NAME)";
				SWIFT_EMIT_LOC_STRINGS = NO;
				SWIFT_VERSION = 5.0;
				TARGETED_DEVICE_FAMILY = "1,2";
				TEST_HOST = "$(BUILT_PRODUCTS_DIR)/Rick&Morty.app/$(BUNDLE_EXECUTABLE_FOLDER_PATH)/Rick&Morty";
			};
			name = Release;
		};
		02CB5D982A603447000B5A1E /* Debug */ = {
			isa = XCBuildConfiguration;
			buildSettings = {
				ALWAYS_EMBED_SWIFT_STANDARD_LIBRARIES = YES;
				CODE_SIGN_STYLE = Automatic;
				CURRENT_PROJECT_VERSION = 1;
				GENERATE_INFOPLIST_FILE = YES;
				MARKETING_VERSION = 1.0;
				PRODUCT_BUNDLE_IDENTIFIER = "RomeoFrancesco.Rick-MortyUITests";
				PRODUCT_NAME = "$(TARGET_NAME)";
				SWIFT_EMIT_LOC_STRINGS = NO;
				SWIFT_VERSION = 5.0;
				TARGETED_DEVICE_FAMILY = "1,2";
				TEST_TARGET_NAME = "Rick&Morty";
			};
			name = Debug;
		};
		02CB5D992A603447000B5A1E /* Release */ = {
			isa = XCBuildConfiguration;
			buildSettings = {
				ALWAYS_EMBED_SWIFT_STANDARD_LIBRARIES = YES;
				CODE_SIGN_STYLE = Automatic;
				CURRENT_PROJECT_VERSION = 1;
				GENERATE_INFOPLIST_FILE = YES;
				MARKETING_VERSION = 1.0;
				PRODUCT_BUNDLE_IDENTIFIER = "RomeoFrancesco.Rick-MortyUITests";
				PRODUCT_NAME = "$(TARGET_NAME)";
				SWIFT_EMIT_LOC_STRINGS = NO;
				SWIFT_VERSION = 5.0;
				TARGETED_DEVICE_FAMILY = "1,2";
				TEST_TARGET_NAME = "Rick&Morty";
			};
			name = Release;
		};
/* End XCBuildConfiguration section */

/* Begin XCConfigurationList section */
		02CB5D622A603446000B5A1E /* Build configuration list for PBXProject "Rick&Morty" */ = {
			isa = XCConfigurationList;
			buildConfigurations = (
				02CB5D8F2A603447000B5A1E /* Debug */,
				02CB5D902A603447000B5A1E /* Release */,
			);
			defaultConfigurationIsVisible = 0;
			defaultConfigurationName = Release;
		};
		02CB5D912A603447000B5A1E /* Build configuration list for PBXNativeTarget "Rick&Morty" */ = {
			isa = XCConfigurationList;
			buildConfigurations = (
				02CB5D922A603447000B5A1E /* Debug */,
				02CB5D932A603447000B5A1E /* Release */,
			);
			defaultConfigurationIsVisible = 0;
			defaultConfigurationName = Release;
		};
		02CB5D942A603447000B5A1E /* Build configuration list for PBXNativeTarget "Rick&MortyTests" */ = {
			isa = XCConfigurationList;
			buildConfigurations = (
				02CB5D952A603447000B5A1E /* Debug */,
				02CB5D962A603447000B5A1E /* Release */,
			);
			defaultConfigurationIsVisible = 0;
			defaultConfigurationName = Release;
		};
		02CB5D972A603447000B5A1E /* Build configuration list for PBXNativeTarget "Rick&MortyUITests" */ = {
			isa = XCConfigurationList;
			buildConfigurations = (
				02CB5D982A603447000B5A1E /* Debug */,
				02CB5D992A603447000B5A1E /* Release */,
			);
			defaultConfigurationIsVisible = 0;
			defaultConfigurationName = Release;
		};
/* End XCConfigurationList section */
	};
	rootObject = 02CB5D5F2A603446000B5A1E /* Project object */;
}
